
Microsoft Visual Studio Solution File, Format Version 12.00
# Visual Studio Version 17
VisualStudioVersion = 17.6.33723.286
MinimumVisualStudioVersion = 10.0.40219.1
Project("{FAE04EC0-301F-11D3-BF4B-00C04F79EFBC}") = "Network Scanner", "Network Scanner\Network Scanner.csproj", "{859F63D8-CE21-4F9C-AF9C-A85AAFB2BA68}"
EndProject
Global
	GlobalSection(SolutionConfigurationPlatforms) = preSolution
		Debug|Any CPU = Debug|Any CPU
		Release|Any CPU = Release|Any CPU
	EndGlobalSection
	GlobalSection(ProjectConfigurationPlatforms) = postSolution
		{859F63D8-CE21-4F9C-AF9C-A85AAFB2BA68}.Debug|Any CPU.ActiveCfg = Debug|Any CPU
		{859F63D8-CE21-4F9C-AF9C-A85AAFB2BA68}.Debug|Any CPU.Build.0 = Debug|Any CPU
		{859F63D8-CE21-4F9C-AF9C-A85AAFB2BA68}.Release|Any CPU.ActiveCfg = Release|Any CPU
		{859F63D8-CE21-4F9C-AF9C-A85AAFB2BA68}.Release|Any CPU.Build.0 = Release|Any CPU
	EndGlobalSection
	GlobalSection(SolutionProperties) = preSolution
		HideSolutionNode = FALSE
	EndGlobalSection
	GlobalSection(ExtensibilityGlobals) = postSolution
		SolutionGuid = {8133C448-B57C-4ABA-8F62-0EC24829C5A0}
	EndGlobalSection
EndGlobal
